// !$*UTF8*$!
{
	archiveVersion = 1;
	classes = {
	};
	objectVersion = 77;
	objects = {

/* Begin PBXBuildFile section */
		05F060D37FBE89BE96CC25CD /* CoachView.swift in Sources */ = {isa = PBXBuildFile; fileRef = D07F155F1BE546DAC89464A3 /* CoachView.swift */; };
		0B75A016DCB0A22F9BA260D7 /* ProgressDashboardView.swift in Sources */ = {isa = PBXBuildFile; fileRef = 33E97419EA7EE81134BB22CA /* ProgressDashboardView.swift */; };
		1056499C4A48C8BC179C9921 /* AI_Fitness_CoachApp.swift in Sources */ = {isa = PBXBuildFile; fileRef = 2BB93678F3296B0DBA90FDA8 /* AI_Fitness_CoachApp.swift */; };
		14A653B0E397ECA74B23EEA0 /* NutritionCalculator.swift in Sources */ = {isa = PBXBuildFile; fileRef = D4AED252C4F1BC0789FD1A6C /* NutritionCalculator.swift */; };
		155F866D9F2BD4BE4AA3086C /* AIProvider.swift in Sources */ = {isa = PBXBuildFile; fileRef = 78582ED9A81B35731F0218DC /* AIProvider.swift */; };
		28BC6EBBE9EE8C60CDC1F55E /* AI_Fitness_CoachUITests.swift in Sources */ = {isa = PBXBuildFile; fileRef = 70E47486B2AFDDB064886794 /* AI_Fitness_CoachUITests.swift */; };
		31A048E98C1D6A05E6C56470 /* Assets.xcassets in Resources */ = {isa = PBXBuildFile; fileRef = 70B22FD649D470E7B12E51BF /* Assets.xcassets */; };
		48EACC0C44A5EB5315070061 /* SpeechRecognitionService.swift in Sources */ = {isa = PBXBuildFile; fileRef = F22E28FD63CD8B52D8B26D62 /* SpeechRecognitionService.swift */; };
		4A15325CA8B4392DF63A169A /* NotificationService.swift in Sources */ = {isa = PBXBuildFile; fileRef = D7EC5BD3EEE4F5E6ECA7BCBE /* NotificationService.swift */; };
		601BCCA0F7C8F3092C79E8FF /* FitnessModels.swift in Sources */ = {isa = PBXBuildFile; fileRef = 787D581BD9CB73230A6CADC1 /* FitnessModels.swift */; };
		6F830D221E2F08F4CF09FC64 /* AppState.swift in Sources */ = {isa = PBXBuildFile; fileRef = 981163C5A3CEA4B6525FBF6B /* AppState.swift */; };
		7151420104926619B1B9293A /* SettingsView.swift in Sources */ = {isa = PBXBuildFile; fileRef = 49F8A1C25C38D37F077A2A71 /* SettingsView.swift */; };
		79522D4335B6C8206B068BAC /* CameraPicker.swift in Sources */ = {isa = PBXBuildFile; fileRef = 37361C74D3EE0B7DF17E5E4C /* CameraPicker.swift */; };
		7D389EB64893399C7B8BAEFD /* DashboardView.swift in Sources */ = {isa = PBXBuildFile; fileRef = 8B774896C0ABF8E684A7AA74 /* DashboardView.swift */; };
		A2A43E556E2B13E7597B0BB0 /* WorkoutRuntime.swift in Sources */ = {isa = PBXBuildFile; fileRef = 1100BBE96B978D66F0833B04 /* WorkoutRuntime.swift */; };
		A77027EAB9D785FE84A227E2 /* KeychainStore.swift in Sources */ = {isa = PBXBuildFile; fileRef = 325D1EA712E28C1006E09979 /* KeychainStore.swift */; };
		AC1E4C5062D971DF58C8E864 /* AI_Fitness_CoachTests.swift in Sources */ = {isa = PBXBuildFile; fileRef = 74ADE2B67DED2E06A8A5C9A9 /* AI_Fitness_CoachTests.swift */; };
		B1EADA5CD8C2F49E5A6EF297 /* ImagePreparationService.swift in Sources */ = {isa = PBXBuildFile; fileRef = 99D8468C3554CA974360267B /* ImagePreparationService.swift */; };
		BF6F7C7C080DAA9E90A6C357 /* OnboardingView.swift in Sources */ = {isa = PBXBuildFile; fileRef = 1EA59119894548F34251A784 /* OnboardingView.swift */; };
		C11239A17571CBF196A432A1 /* PremiumComponents.swift in Sources */ = {isa = PBXBuildFile; fileRef = 4F01305EE26D8C8823BF05D9 /* PremiumComponents.swift */; };
		D4C2DF0412B2B3EE0E01C8B6 /* RootView.swift in Sources */ = {isa = PBXBuildFile; fileRef = E3696D1719E64A77AFF2810D /* RootView.swift */; };
		DCA207B16EB1E1CD08C5FDCE /* NutritionView.swift in Sources */ = {isa = PBXBuildFile; fileRef = 7C6E5D7950B6B4AA594379C0 /* NutritionView.swift */; };
		FE451F27054A5019B6206800 /* HealthKitService.swift in Sources */ = {isa = PBXBuildFile; fileRef = 955A9C1E39AC7F73CD180122 /* HealthKitService.swift */; };
/* End PBXBuildFile section */

/* Begin PBXContainerItemProxy section */
		4F479693788483605912A029 /* PBXContainerItemProxy */ = {
			isa = PBXContainerItemProxy;
			containerPortal = 060E50C2E7DF79C35AFE736A /* Project object */;
			proxyType = 1;
			remoteGlobalIDString = CA4AD6495338136475B5B3C2;
			remoteInfo = "AI Fitness Coach";
		};
		5E1BD7F438D60B699ED51325 /* PBXContainerItemProxy */ = {
			isa = PBXContainerItemProxy;
			containerPortal = 060E50C2E7DF79C35AFE736A /* Project object */;
			proxyType = 1;
			remoteGlobalIDString = CA4AD6495338136475B5B3C2;
			remoteInfo = "AI Fitness Coach";
		};
/* End PBXContainerItemProxy section */

/* Begin PBXFileReference section */
		1100BBE96B978D66F0833B04 /* WorkoutRuntime.swift */ = {isa = PBXFileReference; lastKnownFileType = sourcecode.swift; path = WorkoutRuntime.swift; sourceTree = "<group>"; };
		1EA59119894548F34251A784 /* OnboardingView.swift */ = {isa = PBXFileReference; lastKnownFileType = sourcecode.swift; path = OnboardingView.swift; sourceTree = "<group>"; };
		2BB93678F3296B0DBA90FDA8 /* AI_Fitness_CoachApp.swift */ = {isa = PBXFileReference; lastKnownFileType = sourcecode.swift; path = AI_Fitness_CoachApp.swift; sourceTree = "<group>"; };
		325D1EA712E28C1006E09979 /* KeychainStore.swift */ = {isa = PBXFileReference; lastKnownFileType = sourcecode.swift; path = KeychainStore.swift; sourceTree = "<group>"; };
		33E97419EA7EE81134BB22CA /* ProgressDashboardView.swift */ = {isa = PBXFileReference; lastKnownFileType = sourcecode.swift; path = ProgressDashboardView.swift; sourceTree = "<group>"; };
		37361C74D3EE0B7DF17E5E4C /* CameraPicker.swift */ = {isa = PBXFileReference; lastKnownFileType = sourcecode.swift; path = CameraPicker.swift; sourceTree = "<group>"; };
		49F8A1C25C38D37F077A2A71 /* SettingsView.swift */ = {isa = PBXFileReference; lastKnownFileType = sourcecode.swift; path = SettingsView.swift; sourceTree = "<group>"; };
		4F01305EE26D8C8823BF05D9 /* PremiumComponents.swift */ = {isa = PBXFileReference; lastKnownFileType = sourcecode.swift; path = PremiumComponents.swift; sourceTree = "<group>"; };
		5343C2B58235E47107E88F2E /* AI Fitness CoachUITests.xctest */ = {isa = PBXFileReference; includeInIndex = 0; lastKnownFileType = wrapper.cfbundle; path = "AI Fitness CoachUITests.xctest"; sourceTree = BUILT_PRODUCTS_DIR; };
		62325E98F6EB9AC916B0C4EF /* AI Fitness CoachTests.xctest */ = {isa = PBXFileReference; includeInIndex = 0; lastKnownFileType = wrapper.cfbundle; path = "AI Fitness CoachTests.xctest"; sourceTree = BUILT_PRODUCTS_DIR; };
		70B22FD649D470E7B12E51BF /* Assets.xcassets */ = {isa = PBXFileReference; lastKnownFileType = folder.assetcatalog; path = Assets.xcassets; sourceTree = "<group>"; };
		70E47486B2AFDDB064886794 /* AI_Fitness_CoachUITests.swift */ = {isa = PBXFileReference; lastKnownFileType = sourcecode.swift; path = AI_Fitness_CoachUITests.swift; sourceTree = "<group>"; };
		74ADE2B67DED2E06A8A5C9A9 /* AI_Fitness_CoachTests.swift */ = {isa = PBXFileReference; lastKnownFileType = sourcecode.swift; path = AI_Fitness_CoachTests.swift; sourceTree = "<group>"; };
		78582ED9A81B35731F0218DC /* AIProvider.swift */ = {isa = PBXFileReference; lastKnownFileType = sourcecode.swift; path = AIProvider.swift; sourceTree = "<group>"; };
		787D581BD9CB73230A6CADC1 /* FitnessModels.swift */ = {isa = PBXFileReference; lastKnownFileType = sourcecode.swift; path = FitnessModels.swift; sourceTree = "<group>"; };
		7C6E5D7950B6B4AA594379C0 /* NutritionView.swift */ = {isa = PBXFileReference; lastKnownFileType = sourcecode.swift; path = NutritionView.swift; sourceTree = "<group>"; };
		8B774896C0ABF8E684A7AA74 /* DashboardView.swift */ = {isa = PBXFileReference; lastKnownFileType = sourcecode.swift; path = DashboardView.swift; sourceTree = "<group>"; };
		955A9C1E39AC7F73CD180122 /* HealthKitService.swift */ = {isa = PBXFileReference; lastKnownFileType = sourcecode.swift; path = HealthKitService.swift; sourceTree = "<group>"; };
		981163C5A3CEA4B6525FBF6B /* AppState.swift */ = {isa = PBXFileReference; lastKnownFileType = sourcecode.swift; path = AppState.swift; sourceTree = "<group>"; };
		99D8468C3554CA974360267B /* ImagePreparationService.swift */ = {isa = PBXFileReference; lastKnownFileType = sourcecode.swift; path = ImagePreparationService.swift; sourceTree = "<group>"; };
		CECBA1D022F3C340C9703BE8 /* AI Fitness Coach.app */ = {isa = PBXFileReference; explicitFileType = wrapper.application; includeInIndex = 0; path = "AI Fitness Coach.app"; sourceTree = BUILT_PRODUCTS_DIR; };
		D07F155F1BE546DAC89464A3 /* CoachView.swift */ = {isa = PBXFileReference; lastKnownFileType = sourcecode.swift; path = CoachView.swift; sourceTree = "<group>"; };
		D4AED252C4F1BC0789FD1A6C /* NutritionCalculator.swift */ = {isa = PBXFileReference; lastKnownFileType = sourcecode.swift; path = NutritionCalculator.swift; sourceTree = "<group>"; };
		D7EC5BD3EEE4F5E6ECA7BCBE /* NotificationService.swift */ = {isa = PBXFileReference; lastKnownFileType = sourcecode.swift; path = NotificationService.swift; sourceTree = "<group>"; };
		E3696D1719E64A77AFF2810D /* RootView.swift */ = {isa = PBXFileReference; lastKnownFileType = sourcecode.swift; path = RootView.swift; sourceTree = "<group>"; };
		E5CBF6899D24610851D6C155 /* AI Fitness Coach.entitlements */ = {isa = PBXFileReference; lastKnownFileType = text.plist.entitlements; path = "AI Fitness Coach.entitlements"; sourceTree = "<group>"; };
		F22E28FD63CD8B52D8B26D62 /* SpeechRecognitionService.swift */ = {isa = PBXFileReference; lastKnownFileType = sourcecode.swift; path = SpeechRecognitionService.swift; sourceTree = "<group>"; };
/* End PBXFileReference section */

/* Begin PBXGroup section */
		0173987E36242F641C93EEF7 /* App */ = {
			isa = PBXGroup;
			children = (
				2BB93678F3296B0DBA90FDA8 /* AI_Fitness_CoachApp.swift */,
				981163C5A3CEA4B6525FBF6B /* AppState.swift */,
			);
			path = App;
			sourceTree = "<group>";
		};
		3FD4A209877CE754825F9239 /* Models */ = {
			isa = PBXGroup;
			children = (
				787D581BD9CB73230A6CADC1 /* FitnessModels.swift */,
				1100BBE96B978D66F0833B04 /* WorkoutRuntime.swift */,
			);
			path = Models;
			sourceTree = "<group>";
		};
		4F739A3B87924E58A80E1FB3 /* Components */ = {
			isa = PBXGroup;
			children = (
				37361C74D3EE0B7DF17E5E4C /* CameraPicker.swift */,
				4F01305EE26D8C8823BF05D9 /* PremiumComponents.swift */,
			);
			path = Components;
			sourceTree = "<group>";
		};
		5CC07AE7D0BD9A877B7A8751 = {
			isa = PBXGroup;
			children = (
				B647C06544DB98A77D874F83 /* AI Fitness Coach */,
				942915EB6A9A5746AEE69DF5 /* AI Fitness CoachTests */,
				D47094E60C7B229FF771C12B /* AI Fitness CoachUITests */,
				D084210C1564B81EB9183E81 /* Products */,
			);
			sourceTree = "<group>";
		};
		69CFB45A0A6D581211A3D1F3 /* Services */ = {
			isa = PBXGroup;
			children = (
				955A9C1E39AC7F73CD180122 /* HealthKitService.swift */,
				99D8468C3554CA974360267B /* ImagePreparationService.swift */,
				325D1EA712E28C1006E09979 /* KeychainStore.swift */,
				D7EC5BD3EEE4F5E6ECA7BCBE /* NotificationService.swift */,
				D4AED252C4F1BC0789FD1A6C /* NutritionCalculator.swift */,
				78582ED9A81B35731F0218DC /* AIProvider.swift */,
				F22E28FD63CD8B52D8B26D62 /* SpeechRecognitionService.swift */,
			);
			path = Services;
			sourceTree = "<group>";
		};
		905F71509F0F5466D5911BAB /* Views */ = {
			isa = PBXGroup;
			children = (
				D07F155F1BE546DAC89464A3 /* CoachView.swift */,
				8B774896C0ABF8E684A7AA74 /* DashboardView.swift */,
				7C6E5D7950B6B4AA594379C0 /* NutritionView.swift */,
				1EA59119894548F34251A784 /* OnboardingView.swift */,
				33E97419EA7EE81134BB22CA /* ProgressDashboardView.swift */,
				E3696D1719E64A77AFF2810D /* RootView.swift */,
				49F8A1C25C38D37F077A2A71 /* SettingsView.swift */,
				4F739A3B87924E58A80E1FB3 /* Components */,
			);
			path = Views;
			sourceTree = "<group>";
		};
		942915EB6A9A5746AEE69DF5 /* AI Fitness CoachTests */ = {
			isa = PBXGroup;
			children = (
				74ADE2B67DED2E06A8A5C9A9 /* AI_Fitness_CoachTests.swift */,
			);
			path = "AI Fitness CoachTests";
			sourceTree = "<group>";
		};
		B647C06544DB98A77D874F83 /* AI Fitness Coach */ = {
			isa = PBXGroup;
			children = (
				0173987E36242F641C93EEF7 /* App */,
				3FD4A209877CE754825F9239 /* Models */,
				C6809AEFA2953D9FBF4A8E45 /* Resources */,
				69CFB45A0A6D581211A3D1F3 /* Services */,
				905F71509F0F5466D5911BAB /* Views */,
			);
			path = "AI Fitness Coach";
			sourceTree = "<group>";
		};
		C6809AEFA2953D9FBF4A8E45 /* Resources */ = {
			isa = PBXGroup;
			children = (
				E5CBF6899D24610851D6C155 /* AI Fitness Coach.entitlements */,
				70B22FD649D470E7B12E51BF /* Assets.xcassets */,
			);
			path = Resources;
			sourceTree = "<group>";
		};
		D084210C1564B81EB9183E81 /* Products */ = {
			isa = PBXGroup;
			children = (
				CECBA1D022F3C340C9703BE8 /* AI Fitness Coach.app */,
				62325E98F6EB9AC916B0C4EF /* AI Fitness CoachTests.xctest */,
				5343C2B58235E47107E88F2E /* AI Fitness CoachUITests.xctest */,
			);
			name = Products;
			sourceTree = "<group>";
		};
		D47094E60C7B229FF771C12B /* AI Fitness CoachUITests */ = {
			isa = PBXGroup;
			children = (
				70E47486B2AFDDB064886794 /* AI_Fitness_CoachUITests.swift */,
			);
			path = "AI Fitness CoachUITests";
			sourceTree = "<group>";
		};
/* End PBXGroup section */

/* Begin PBXNativeTarget section */
		590AE8B70D69EA6D235D7516 /* AI Fitness CoachUITests */ = {
			isa = PBXNativeTarget;
			buildConfigurationList = 46A3B6D19B6E29F62A9CAC13 /* Build configuration list for PBXNativeTarget "AI Fitness CoachUITests" */;
			buildPhases = (
				A5F018BA7694EA85C0800813 /* Sources */,
			);
			buildRules = (
			);
			dependencies = (
				25FB6FF259B2ED54027BCA2A /* PBXTargetDependency */,
			);
			name = "AI Fitness CoachUITests";
			packageProductDependencies = (
			);
			productName = "AI Fitness CoachUITests";
			productReference = 5343C2B58235E47107E88F2E /* AI Fitness CoachUITests.xctest */;
			productType = "com.apple.product-type.bundle.ui-testing";
		};
		CA4AD6495338136475B5B3C2 /* AI Fitness Coach */ = {
			isa = PBXNativeTarget;
			buildConfigurationList = 7BBB8985C2443E41D9C7743C /* Build configuration list for PBXNativeTarget "AI Fitness Coach" */;
			buildPhases = (
				D2FD4084109CF9070D0B8826 /* Sources */,
				EEF12A11585A62BE44A796E1 /* Resources */,
			);
			buildRules = (
			);
			dependencies = (
			);
			name = "AI Fitness Coach";
			packageProductDependencies = (
			);
			productName = "AI Fitness Coach";
			productReference = CECBA1D022F3C340C9703BE8 /* AI Fitness Coach.app */;
			productType = "com.apple.product-type.application";
		};
		DF8B3A96B4A3ABBAB494668E /* AI Fitness CoachTests */ = {
			isa = PBXNativeTarget;
			buildConfigurationList = 7B58FCDC3E45C651AF79D4D5 /* Build configuration list for PBXNativeTarget "AI Fitness CoachTests" */;
			buildPhases = (
				B168A19521736DE382A46DB9 /* Sources */,
			);
			buildRules = (
			);
			dependencies = (
				0A79E08D83881C3546331F67 /* PBXTargetDependency */,
			);
			name = "AI Fitness CoachTests";
			packageProductDependencies = (
			);
			productName = "AI Fitness CoachTests";
			productReference = 62325E98F6EB9AC916B0C4EF /* AI Fitness CoachTests.xctest */;
			productType = "com.apple.product-type.bundle.unit-test";
		};
/* End PBXNativeTarget section */

/* Begin PBXProject section */
		060E50C2E7DF79C35AFE736A /* Project object */ = {
			isa = PBXProject;
			attributes = {
				BuildIndependentTargetsInParallel = YES;
				LastUpgradeCheck = 1430;
				TargetAttributes = {
					590AE8B70D69EA6D235D7516 = {
						TestTargetID = CA4AD6495338136475B5B3C2;
					};
					CA4AD6495338136475B5B3C2 = {
						ProvisioningStyle = Automatic;
					};
				};
			};
			buildConfigurationList = 343F80DAEF45CADB55733F4F /* Build configuration list for PBXProject "AI Fitness Coach" */;
			developmentRegion = en;
			hasScannedForEncodings = 0;
			knownRegions = (
				Base,
				en,
			);
			mainGroup = 5CC07AE7D0BD9A877B7A8751;
			minimizedProjectReferenceProxies = 1;
			preferredProjectObjectVersion = 77;
			productRefGroup = D084210C1564B81EB9183E81 /* Products */;
			projectDirPath = "";
			projectRoot = "";
			targets = (
				CA4AD6495338136475B5B3C2 /* AI Fitness Coach */,
				DF8B3A96B4A3ABBAB494668E /* AI Fitness CoachTests */,
				590AE8B70D69EA6D235D7516 /* AI Fitness CoachUITests */,
			);
		};
/* End PBXProject section */

/* Begin PBXResourcesBuildPhase section */
		EEF12A11585A62BE44A796E1 /* Resources */ = {
			isa = PBXResourcesBuildPhase;
			buildActionMask = 2147483647;
			files = (
				31A048E98C1D6A05E6C56470 /* Assets.xcassets in Resources */,
			);
			runOnlyForDeploymentPostprocessing = 0;
		};
/* End PBXResourcesBuildPhase section */

/* Begin PBXSourcesBuildPhase section */
		A5F018BA7694EA85C0800813 /* Sources */ = {
			isa = PBXSourcesBuildPhase;
			buildActionMask = 2147483647;
			files = (
				28BC6EBBE9EE8C60CDC1F55E /* AI_Fitness_CoachUITests.swift in Sources */,
			);
			runOnlyForDeploymentPostprocessing = 0;
		};
		B168A19521736DE382A46DB9 /* Sources */ = {
			isa = PBXSourcesBuildPhase;
			buildActionMask = 2147483647;
			files = (
				AC1E4C5062D971DF58C8E864 /* AI_Fitness_CoachTests.swift in Sources */,
			);
			runOnlyForDeploymentPostprocessing = 0;
		};
		D2FD4084109CF9070D0B8826 /* Sources */ = {
			isa = PBXSourcesBuildPhase;
			buildActionMask = 2147483647;
			files = (
				1056499C4A48C8BC179C9921 /* AI_Fitness_CoachApp.swift in Sources */,
				6F830D221E2F08F4CF09FC64 /* AppState.swift in Sources */,
				79522D4335B6C8206B068BAC /* CameraPicker.swift in Sources */,
				05F060D37FBE89BE96CC25CD /* CoachView.swift in Sources */,
				7D389EB64893399C7B8BAEFD /* DashboardView.swift in Sources */,
				601BCCA0F7C8F3092C79E8FF /* FitnessModels.swift in Sources */,
				FE451F27054A5019B6206800 /* HealthKitService.swift in Sources */,
				B1EADA5CD8C2F49E5A6EF297 /* ImagePreparationService.swift in Sources */,
				A77027EAB9D785FE84A227E2 /* KeychainStore.swift in Sources */,
				4A15325CA8B4392DF63A169A /* NotificationService.swift in Sources */,
				14A653B0E397ECA74B23EEA0 /* NutritionCalculator.swift in Sources */,
				DCA207B16EB1E1CD08C5FDCE /* NutritionView.swift in Sources */,
				BF6F7C7C080DAA9E90A6C357 /* OnboardingView.swift in Sources */,
				155F866D9F2BD4BE4AA3086C /* AIProvider.swift in Sources */,
				C11239A17571CBF196A432A1 /* PremiumComponents.swift in Sources */,
				0B75A016DCB0A22F9BA260D7 /* ProgressDashboardView.swift in Sources */,
				D4C2DF0412B2B3EE0E01C8B6 /* RootView.swift in Sources */,
				7151420104926619B1B9293A /* SettingsView.swift in Sources */,
				48EACC0C44A5EB5315070061 /* SpeechRecognitionService.swift in Sources */,
				A2A43E556E2B13E7597B0BB0 /* WorkoutRuntime.swift in Sources */,
			);
			runOnlyForDeploymentPostprocessing = 0;
		};
/* End PBXSourcesBuildPhase section */

/* Begin PBXTargetDependency section */
		0A79E08D83881C3546331F67 /* PBXTargetDependency */ = {
			isa = PBXTargetDependency;
			target = CA4AD6495338136475B5B3C2 /* AI Fitness Coach */;
			targetProxy = 5E1BD7F438D60B699ED51325 /* PBXContainerItemProxy */;
		};
		25FB6FF259B2ED54027BCA2A /* PBXTargetDependency */ = {
			isa = PBXTargetDependency;
			target = CA4AD6495338136475B5B3C2 /* AI Fitness Coach */;
			targetProxy = 4F479693788483605912A029 /* PBXContainerItemProxy */;
		};
/* End PBXTargetDependency section */

/* Begin XCBuildConfiguration section */
		016F01671C3FCD8D0CC8AA82 /* Debug */ = {
			isa = XCBuildConfiguration;
			buildSettings = {
				ASSETCATALOG_COMPILER_APPICON_NAME = AppIcon;
				CODE_SIGN_ENTITLEMENTS = "AI Fitness Coach/Resources/AI Fitness Coach.entitlements";
				CODE_SIGN_IDENTITY = "iPhone Developer";
				CODE_SIGN_STYLE = Automatic;
				DEVELOPMENT_TEAM = 62UBRUWU6H;
				GENERATE_INFOPLIST_FILE = YES;
				INFOPLIST_FILE = "AI Fitness Coach/Resources/Info.plist";
				INFOPLIST_KEY_CFBundleDisplayName = "AI Fitness Coach";
				INFOPLIST_KEY_LSApplicationCategoryType = "public.app-category.healthcare-fitness";
				INFOPLIST_KEY_NSCameraUsageDescription = "AI Fitness Coach uses the camera to analyze meal photos when you choose to add food by photo.";
				INFOPLIST_KEY_NSFaceIDUsageDescription = "AI Fitness Coach uses Face ID to protect your profile and fitness data when you enable app lock.";
				INFOPLIST_KEY_NSHealthShareUsageDescription = "AI Fitness Coach uses steps, activity, weight, and sleep to adapt your plan.";
				INFOPLIST_KEY_NSHealthUpdateUsageDescription = "AI Fitness Coach does not write to Apple Health without explicit permission.";
				INFOPLIST_KEY_NSMicrophoneUsageDescription = "AI Fitness Coach uses the microphone for voice food logging and voice messages to the AI coach.";
				INFOPLIST_KEY_NSPhotoLibraryUsageDescription = "AI Fitness Coach reads selected photos to analyze food and answer questions about images you attach.";
				INFOPLIST_KEY_NSSpeechRecognitionUsageDescription = "AI Fitness Coach uses speech recognition to transcribe your voice before sending or parsing it.";
				INFOPLIST_KEY_UISupportedInterfaceOrientations_iPhone = UIInterfaceOrientationPortrait;
				LD_RUNPATH_SEARCH_PATHS = (
					"$(inherited)",
					"@executable_path/Frameworks",
				);
				PRODUCT_BUNDLE_IDENTIFIER = com.unxry.aifitnesscoach;
				SDKROOT = iphoneos;
				SUPPORTED_PLATFORMS = "iphoneos iphonesimulator";
				SUPPORTS_MACCATALYST = NO;
				SUPPORTS_MAC_DESIGNED_FOR_IPHONE_IPAD = YES;
				SUPPORTS_XR_DESIGNED_FOR_IPHONE_IPAD = YES;
				TARGETED_DEVICE_FAMILY = 1;
			};
			name = Debug;
		};
		77CE741D59B464A3E62D6B17 /* Release */ = {
			isa = XCBuildConfiguration;
			buildSettings = {
				BUNDLE_LOADER = "$(TEST_HOST)";
				GENERATE_INFOPLIST_FILE = YES;
				LD_RUNPATH_SEARCH_PATHS = (
					"$(inherited)",
					"@executable_path/Frameworks",
					"@loader_path/Frameworks",
				);
				PRODUCT_BUNDLE_IDENTIFIER = com.unxry.aifitnesscoach.uitests;
				SDKROOT = iphoneos;
				SUPPORTED_PLATFORMS = "iphoneos iphonesimulator";
				SUPPORTS_MACCATALYST = NO;
				SUPPORTS_MAC_DESIGNED_FOR_IPHONE_IPAD = YES;
				SUPPORTS_XR_DESIGNED_FOR_IPHONE_IPAD = YES;
				TARGETED_DEVICE_FAMILY = "1,2";
				TEST_TARGET_NAME = "AI Fitness Coach";
			};
			name = Release;
		};
		7C58936B6D2AEBFD01EFFCBA /* Release */ = {
			isa = XCBuildConfiguration;
			buildSettings = {
				ASSETCATALOG_COMPILER_APPICON_NAME = AppIcon;
				CODE_SIGN_ENTITLEMENTS = "AI Fitness Coach/Resources/AI Fitness Coach.entitlements";
				CODE_SIGN_IDENTITY = "iPhone Developer";
				CODE_SIGN_STYLE = Automatic;
				DEVELOPMENT_TEAM = 62UBRUWU6H;
				GENERATE_INFOPLIST_FILE = YES;
				INFOPLIST_FILE = "AI Fitness Coach/Resources/Info.plist";
				INFOPLIST_KEY_CFBundleDisplayName = "AI Fitness Coach";
				INFOPLIST_KEY_LSApplicationCategoryType = "public.app-category.healthcare-fitness";
				INFOPLIST_KEY_NSCameraUsageDescription = "AI Fitness Coach uses the camera to analyze meal photos when you choose to add food by photo.";
				INFOPLIST_KEY_NSFaceIDUsageDescription = "AI Fitness Coach uses Face ID to protect your profile and fitness data when you enable app lock.";
				INFOPLIST_KEY_NSHealthShareUsageDescription = "AI Fitness Coach uses steps, activity, weight, and sleep to adapt your plan.";
				INFOPLIST_KEY_NSHealthUpdateUsageDescription = "AI Fitness Coach does not write to Apple Health without explicit permission.";
				INFOPLIST_KEY_NSMicrophoneUsageDescription = "AI Fitness Coach uses the microphone for voice food logging and voice messages to the AI coach.";
				INFOPLIST_KEY_NSPhotoLibraryUsageDescription = "AI Fitness Coach reads selected photos to analyze food and answer questions about images you attach.";
				INFOPLIST_KEY_NSSpeechRecognitionUsageDescription = "AI Fitness Coach uses speech recognition to transcribe your voice before sending or parsing it.";
				INFOPLIST_KEY_UISupportedInterfaceOrientations_iPhone = UIInterfaceOrientationPortrait;
				LD_RUNPATH_SEARCH_PATHS = (
					"$(inherited)",
					"@executable_path/Frameworks",
				);
				PRODUCT_BUNDLE_IDENTIFIER = com.unxry.aifitnesscoach;
				SDKROOT = iphoneos;
				SUPPORTED_PLATFORMS = "iphoneos iphonesimulator";
				SUPPORTS_MACCATALYST = NO;
				SUPPORTS_MAC_DESIGNED_FOR_IPHONE_IPAD = YES;
				SUPPORTS_XR_DESIGNED_FOR_IPHONE_IPAD = YES;
				TARGETED_DEVICE_FAMILY = 1;
			};
			name = Release;
		};
		83B2856A270506BA3AAF7006 /* Debug */ = {
			isa = XCBuildConfiguration;
			buildSettings = {
				BUNDLE_LOADER = "$(TEST_HOST)";
				GENERATE_INFOPLIST_FILE = YES;
				LD_RUNPATH_SEARCH_PATHS = (
					"$(inherited)",
					"@executable_path/Frameworks",
					"@loader_path/Frameworks",
				);
				PRODUCT_BUNDLE_IDENTIFIER = com.unxry.aifitnesscoach.uitests;
				SDKROOT = iphoneos;
				SUPPORTED_PLATFORMS = "iphoneos iphonesimulator";
				SUPPORTS_MACCATALYST = NO;
				SUPPORTS_MAC_DESIGNED_FOR_IPHONE_IPAD = YES;
				SUPPORTS_XR_DESIGNED_FOR_IPHONE_IPAD = YES;
				TARGETED_DEVICE_FAMILY = "1,2";
				TEST_TARGET_NAME = "AI Fitness Coach";
			};
			name = Debug;
		};
		893DE08A8BF67173BB79E618 /* Release */ = {
			isa = XCBuildConfiguration;
			buildSettings = {
				BUNDLE_LOADER = "$(TEST_HOST)";
				GENERATE_INFOPLIST_FILE = YES;
				LD_RUNPATH_SEARCH_PATHS = (
					"$(inherited)",
					"@executable_path/Frameworks",
					"@loader_path/Frameworks",
				);
				SDKROOT = iphoneos;
				SUPPORTED_PLATFORMS = "iphoneos iphonesimulator";
				SUPPORTS_MACCATALYST = NO;
				SUPPORTS_MAC_DESIGNED_FOR_IPHONE_IPAD = YES;
				SUPPORTS_XR_DESIGNED_FOR_IPHONE_IPAD = YES;
				TARGETED_DEVICE_FAMILY = "1,2";
				TEST_HOST = "$(BUILT_PRODUCTS_DIR)/AI Fitness Coach.app/AI Fitness Coach";
			};
			name = Release;
		};
		CC991D81E116EF987357BD96 /* Debug */ = {
			isa = XCBuildConfiguration;
			buildSettings = {
				BUNDLE_LOADER = "$(TEST_HOST)";
				GENERATE_INFOPLIST_FILE = YES;
				LD_RUNPATH_SEARCH_PATHS = (
					"$(inherited)",
					"@executable_path/Frameworks",
					"@loader_path/Frameworks",
				);
				SDKROOT = iphoneos;
				SUPPORTED_PLATFORMS = "iphoneos iphonesimulator";
				SUPPORTS_MACCATALYST = NO;
				SUPPORTS_MAC_DESIGNED_FOR_IPHONE_IPAD = YES;
				SUPPORTS_XR_DESIGNED_FOR_IPHONE_IPAD = YES;
				TARGETED_DEVICE_FAMILY = "1,2";
				TEST_HOST = "$(BUILT_PRODUCTS_DIR)/AI Fitness Coach.app/AI Fitness Coach";
			};
			name = Debug;
		};
		D39E97907D611AF1715E0CE8 /* Release */ = {
			isa = XCBuildConfiguration;
			buildSettings = {
				ALWAYS_SEARCH_USER_PATHS = NO;
				CLANG_ANALYZER_NONNULL = YES;
				CLANG_ANALYZER_NUMBER_OBJECT_CONVERSION = YES_AGGRESSIVE;
				CLANG_CXX_LANGUAGE_STANDARD = "gnu++14";
				CLANG_CXX_LIBRARY = "libc++";
				CLANG_ENABLE_MODULES = YES;
				CLANG_ENABLE_OBJC_ARC = YES;
				CLANG_ENABLE_OBJC_WEAK = YES;
				CLANG_WARN_BLOCK_CAPTURE_AUTORELEASING = YES;
				CLANG_WARN_BOOL_CONVERSION = YES;
				CLANG_WARN_COMMA = YES;
				CLANG_WARN_CONSTANT_CONVERSION = YES;
				CLANG_WARN_DEPRECATED_OBJC_IMPLEMENTATIONS = YES;
				CLANG_WARN_DIRECT_OBJC_ISA_USAGE = YES_ERROR;
				CLANG_WARN_DOCUMENTATION_COMMENTS = YES;
				CLANG_WARN_EMPTY_BODY = YES;
				CLANG_WARN_ENUM_CONVERSION = YES;
				CLANG_WARN_INFINITE_RECURSION = YES;
				CLANG_WARN_INT_CONVERSION = YES;
				CLANG_WARN_NON_LITERAL_NULL_CONVERSION = YES;
				CLANG_WARN_OBJC_IMPLICIT_RETAIN_SELF = YES;
				CLANG_WARN_OBJC_LITERAL_CONVERSION = YES;
				CLANG_WARN_OBJC_ROOT_CLASS = YES_ERROR;
				CLANG_WARN_QUOTED_INCLUDE_IN_FRAMEWORK_HEADER = YES;
				CLANG_WARN_RANGE_LOOP_ANALYSIS = YES;
				CLANG_WARN_STRICT_PROTOTYPES = YES;
				CLANG_WARN_SUSPICIOUS_MOVE = YES;
				CLANG_WARN_UNGUARDED_AVAILABILITY = YES_AGGRESSIVE;
				CLANG_WARN_UNREACHABLE_CODE = YES;
				CLANG_WARN__DUPLICATE_METHOD_MATCH = YES;
				COPY_PHASE_STRIP = NO;
				DEBUG_INFORMATION_FORMAT = "dwarf-with-dsym";
				ENABLE_NS_ASSERTIONS = NO;
				ENABLE_STRICT_OBJC_MSGSEND = YES;
				GCC_C_LANGUAGE_STANDARD = gnu11;
				GCC_NO_COMMON_BLOCKS = YES;
				GCC_WARN_64_TO_32_BIT_CONVERSION = YES;
				GCC_WARN_ABOUT_RETURN_TYPE = YES_ERROR;
				GCC_WARN_UNDECLARED_SELECTOR = YES;
				GCC_WARN_UNINITIALIZED_AUTOS = YES_AGGRESSIVE;
				GCC_WARN_UNUSED_FUNCTION = YES;
				GCC_WARN_UNUSED_VARIABLE = YES;
				IPHONEOS_DEPLOYMENT_TARGET = 17.4;
				MTL_ENABLE_DEBUG_INFO = NO;
				MTL_FAST_MATH = YES;
				PRODUCT_NAME = "$(TARGET_NAME)";
				SDKROOT = iphoneos;
				SWIFT_COMPILATION_MODE = wholemodule;
				SWIFT_OPTIMIZATION_LEVEL = "-O";
				SWIFT_VERSION = 5.0;
			};
			name = Release;
		};
		F371B7A7D377AD2DA9569413 /* Debug */ = {
			isa = XCBuildConfiguration;
			buildSettings = {
				ALWAYS_SEARCH_USER_PATHS = NO;
				CLANG_ANALYZER_NONNULL = YES;
				CLANG_ANALYZER_NUMBER_OBJECT_CONVERSION = YES_AGGRESSIVE;
				CLANG_CXX_LANGUAGE_STANDARD = "gnu++14";
				CLANG_CXX_LIBRARY = "libc++";
				CLANG_ENABLE_MODULES = YES;
				CLANG_ENABLE_OBJC_ARC = YES;
				CLANG_ENABLE_OBJC_WEAK = YES;
				CLANG_WARN_BLOCK_CAPTURE_AUTORELEASING = YES;
				CLANG_WARN_BOOL_CONVERSION = YES;
				CLANG_WARN_COMMA = YES;
				CLANG_WARN_CONSTANT_CONVERSION = YES;
				CLANG_WARN_DEPRECATED_OBJC_IMPLEMENTATIONS = YES;
				CLANG_WARN_DIRECT_OBJC_ISA_USAGE = YES_ERROR;
				CLANG_WARN_DOCUMENTATION_COMMENTS = YES;
				CLANG_WARN_EMPTY_BODY = YES;
				CLANG_WARN_ENUM_CONVERSION = YES;
				CLANG_WARN_INFINITE_RECURSION = YES;
				CLANG_WARN_INT_CONVERSION = YES;
				CLANG_WARN_NON_LITERAL_NULL_CONVERSION = YES;
				CLANG_WARN_OBJC_IMPLICIT_RETAIN_SELF = YES;
				CLANG_WARN_OBJC_LITERAL_CONVERSION = YES;
				CLANG_WARN_OBJC_ROOT_CLASS = YES_ERROR;
				CLANG_WARN_QUOTED_INCLUDE_IN_FRAMEWORK_HEADER = YES;
				CLANG_WARN_RANGE_LOOP_ANALYSIS = YES;
				CLANG_WARN_STRICT_PROTOTYPES = YES;
				CLANG_WARN_SUSPICIOUS_MOVE = YES;
				CLANG_WARN_UNGUARDED_AVAILABILITY = YES_AGGRESSIVE;
				CLANG_WARN_UNREACHABLE_CODE = YES;
				CLANG_WARN__DUPLICATE_METHOD_MATCH = YES;
				COPY_PHASE_STRIP = NO;
				DEBUG_INFORMATION_FORMAT = dwarf;
				ENABLE_STRICT_OBJC_MSGSEND = YES;
				ENABLE_TESTABILITY = YES;
				GCC_C_LANGUAGE_STANDARD = gnu11;
				GCC_DYNAMIC_NO_PIC = NO;
				GCC_NO_COMMON_BLOCKS = YES;
				GCC_OPTIMIZATION_LEVEL = 0;
				GCC_PREPROCESSOR_DEFINITIONS = (
					"$(inherited)",
					"DEBUG=1",
				);
				GCC_WARN_64_TO_32_BIT_CONVERSION = YES;
				GCC_WARN_ABOUT_RETURN_TYPE = YES_ERROR;
				GCC_WARN_UNDECLARED_SELECTOR = YES;
				GCC_WARN_UNINITIALIZED_AUTOS = YES_AGGRESSIVE;
				GCC_WARN_UNUSED_FUNCTION = YES;
				GCC_WARN_UNUSED_VARIABLE = YES;
				IPHONEOS_DEPLOYMENT_TARGET = 17.4;
				MTL_ENABLE_DEBUG_INFO = INCLUDE_SOURCE;
				MTL_FAST_MATH = YES;
				ONLY_ACTIVE_ARCH = YES;
				PRODUCT_NAME = "$(TARGET_NAME)";
				SDKROOT = iphoneos;
				SWIFT_ACTIVE_COMPILATION_CONDITIONS = DEBUG;
				SWIFT_OPTIMIZATION_LEVEL = "-Onone";
				SWIFT_VERSION = 5.0;
			};
			name = Debug;
		};
/* End XCBuildConfiguration section */

/* Begin XCConfigurationList section */
		343F80DAEF45CADB55733F4F /* Build configuration list for PBXProject "AI Fitness Coach" */ = {
			isa = XCConfigurationList;
			buildConfigurations = (
				F371B7A7D377AD2DA9569413 /* Debug */,
				D39E97907D611AF1715E0CE8 /* Release */,
			);
			defaultConfigurationIsVisible = 0;
			defaultConfigurationName = Debug;
		};
		46A3B6D19B6E29F62A9CAC13 /* Build configuration list for PBXNativeTarget "AI Fitness CoachUITests" */ = {
			isa = XCConfigurationList;
			buildConfigurations = (
				83B2856A270506BA3AAF7006 /* Debug */,
				77CE741D59B464A3E62D6B17 /* Release */,
			);
			defaultConfigurationIsVisible = 0;
			defaultConfigurationName = Debug;
		};
		7B58FCDC3E45C651AF79D4D5 /* Build configuration list for PBXNativeTarget "AI Fitness CoachTests" */ = {
			isa = XCConfigurationList;
			buildConfigurations = (
				CC991D81E116EF987357BD96 /* Debug */,
				893DE08A8BF67173BB79E618 /* Release */,
			);
			defaultConfigurationIsVisible = 0;
			defaultConfigurationName = Debug;
		};
		7BBB8985C2443E41D9C7743C /* Build configuration list for PBXNativeTarget "AI Fitness Coach" */ = {
			isa = XCConfigurationList;
			buildConfigurations = (
				016F01671C3FCD8D0CC8AA82 /* Debug */,
				7C58936B6D2AEBFD01EFFCBA /* Release */,
			);
			defaultConfigurationIsVisible = 0;
			defaultConfigurationName = Debug;
		};
/* End XCConfigurationList section */
	};
	rootObject = 060E50C2E7DF79C35AFE736A /* Project object */;
}
